{
  "object": {
    "pins": [
      {
        "package": "SDGCornerstone",
        "repositoryURL": "https://github.com/SDGGiesbrecht/SDGCornerstone",
        "state": {
          "branch": null,
          "revision": "ada8a835c68a09f8db9375ccb001e326b592fdf4",
          "version": "0.10.1"
        }
      }
    ]
  },
  "version": 1
}
